// !$*UTF8*$!
{
	archiveVersion = 1;
	classes = {
	};
	objectVersion = 46;
	objects = {

/* Begin PBXBuildFile section */
		461708781BF03D9C0081819C /* libopencore-amrnb.a in Frameworks */ = {isa = PBXBuildFile; fileRef = 461708771BF03D9C0081819C /* libopencore-amrnb.a */; };
		461B27851B82DD7D00107001 /* Emoji.plist in Resources */ = {isa = PBXBuildFile; fileRef = 461B27831B82DD7D00107001 /* Emoji.plist */; };
		461B27861B82DD7D00107001 /* RongCloud.bundle in Resources */ = {isa = PBXBuildFile; fileRef = 461B27841B82DD7D00107001 /* RongCloud.bundle */; };
		461B27891B82DDA000107001 /* RongCloudKit.strings in Resources */ = {isa = PBXBuildFile; fileRef = 461B27871B82DDA000107001 /* RongCloudKit.strings */; };
		46973E091AE698CA007BE79E /* AssetsLibrary.framework in Frameworks */ = {isa = PBXBuildFile; fileRef = 46973E081AE698C9007BE79E /* AssetsLibrary.framework */; };
		4698CBA21AE22FCA0006330E /* main.m in Sources */ = {isa = PBXBuildFile; fileRef = 4698CBA11AE22FCA0006330E /* main.m */; };
		4698CBA51AE22FCA0006330E /* AppDelegate.m in Sources */ = {isa = PBXBuildFile; fileRef = 4698CBA41AE22FCA0006330E /* AppDelegate.m */; };
		4698CBA81AE22FCA0006330E /* ViewController.m in Sources */ = {isa = PBXBuildFile; fileRef = 4698CBA71AE22FCA0006330E /* ViewController.m */; };
		4698CBAB1AE22FCA0006330E /* Main.storyboard in Resources */ = {isa = PBXBuildFile; fileRef = 4698CBA91AE22FCA0006330E /* Main.storyboard */; };
		4698CBAD1AE22FCA0006330E /* Images.xcassets in Resources */ = {isa = PBXBuildFile; fileRef = 4698CBAC1AE22FCA0006330E /* Images.xcassets */; };
		4698CBB01AE22FCA0006330E /* LaunchScreen.xib in Resources */ = {isa = PBXBuildFile; fileRef = 4698CBAE1AE22FCA0006330E /* LaunchScreen.xib */; };
		4698CBBC1AE22FCA0006330E /* RongCloudDemoTests.m in Sources */ = {isa = PBXBuildFile; fileRef = 4698CBBB1AE22FCA0006330E /* RongCloudDemoTests.m */; };
		4698CBD11AE233D60006330E /* ImageIO.framework in Frameworks */ = {isa = PBXBuildFile; fileRef = 4698CBD01AE233D60006330E /* ImageIO.framework */; };
		4698CBD31AE233DE0006330E /* libz.dylib in Frameworks */ = {isa = PBXBuildFile; fileRef = 4698CBD21AE233DE0006330E /* libz.dylib */; };
		4698CBD51AE233EB0006330E /* libxml2.dylib in Frameworks */ = {isa = PBXBuildFile; fileRef = 4698CBD41AE233EB0006330E /* libxml2.dylib */; };
		4698CBD71AE233F40006330E /* MapKit.framework in Frameworks */ = {isa = PBXBuildFile; fileRef = 4698CBD61AE233F40006330E /* MapKit.framework */; };
		4698CBD91AE234040006330E /* CoreLocation.framework in Frameworks */ = {isa = PBXBuildFile; fileRef = 4698CBD81AE234040006330E /* CoreLocation.framework */; };
		4698CBDB1AE234130006330E /* SystemConfiguration.framework in Frameworks */ = {isa = PBXBuildFile; fileRef = 4698CBDA1AE234130006330E /* SystemConfiguration.framework */; };
		4698CBDD1AE234300006330E /* OpenGLES.framework in Frameworks */ = {isa = PBXBuildFile; fileRef = 4698CBDC1AE234300006330E /* OpenGLES.framework */; };
		4698CBDF1AE234420006330E /* libstdc++.dylib in Frameworks */ = {isa = PBXBuildFile; fileRef = 4698CBDE1AE234420006330E /* libstdc++.dylib */; };
		4698CBE11AE2344D0006330E /* libsqlite3.dylib in Frameworks */ = {isa = PBXBuildFile; fileRef = 4698CBE01AE2344D0006330E /* libsqlite3.dylib */; };
		4698CBE31AE234560006330E /* libc++.dylib in Frameworks */ = {isa = PBXBuildFile; fileRef = 4698CBE21AE234560006330E /* libc++.dylib */; };
		4698CBE51AE234610006330E /* CoreVideo.framework in Frameworks */ = {isa = PBXBuildFile; fileRef = 4698CBE41AE234610006330E /* CoreVideo.framework */; };
		4698CBE71AE2346C0006330E /* CoreTelephony.framework in Frameworks */ = {isa = PBXBuildFile; fileRef = 4698CBE61AE2346C0006330E /* CoreTelephony.framework */; };
		4698CBE91AE234810006330E /* CoreMedia.framework in Frameworks */ = {isa = PBXBuildFile; fileRef = 4698CBE81AE234810006330E /* CoreMedia.framework */; };
		4698CBEB1AE2348B0006330E /* CoreAudio.framework in Frameworks */ = {isa = PBXBuildFile; fileRef = 4698CBEA1AE2348B0006330E /* CoreAudio.framework */; };
		4698CBED1AE234A10006330E /* CFNetwork.framework in Frameworks */ = {isa = PBXBuildFile; fileRef = 4698CBEC1AE234A10006330E /* CFNetwork.framework */; };
		4698CBEF1AE234AA0006330E /* AudioToolbox.framework in Frameworks */ = {isa = PBXBuildFile; fileRef = 4698CBEE1AE234AA0006330E /* AudioToolbox.framework */; };
		4698CBF11AE234B10006330E /* AVFoundation.framework in Frameworks */ = {isa = PBXBuildFile; fileRef = 4698CBF01AE234B10006330E /* AVFoundation.framework */; };
		4698CBF31AE234BE0006330E /* UIKit.framework in Frameworks */ = {isa = PBXBuildFile; fileRef = 4698CBF21AE234BE0006330E /* UIKit.framework */; };
		4698CBF51AE234D00006330E /* CoreGraphics.framework in Frameworks */ = {isa = PBXBuildFile; fileRef = 4698CBF41AE234D00006330E /* CoreGraphics.framework */; };
		4698CBFB1AE236EA0006330E /* RongIMKit.framework in Frameworks */ = {isa = PBXBuildFile; fileRef = 4698CBFA1AE236EA0006330E /* RongIMKit.framework */; };
		4698CBFD1AE237AB0006330E /* RongIMLib.framework in Frameworks */ = {isa = PBXBuildFile; fileRef = 4698CBFC1AE237AB0006330E /* RongIMLib.framework */; };
		4698CC041AE245940006330E /* ChatListViewController.m in Sources */ = {isa = PBXBuildFile; fileRef = 4698CC031AE245940006330E /* ChatListViewController.m */; };
/* End PBXBuildFile section */

/* Begin PBXContainerItemProxy section */
		4698CBB61AE22FCA0006330E /* PBXContainerItemProxy */ = {
			isa = PBXContainerItemProxy;
			containerPortal = 4698CB941AE22FCA0006330E /* Project object */;
			proxyType = 1;
			remoteGlobalIDString = 4698CB9B1AE22FCA0006330E;
			remoteInfo = RongCloudDemo;
		};
/* End PBXContainerItemProxy section */

/* Begin PBXFileReference section */
		461708771BF03D9C0081819C /* libopencore-amrnb.a */ = {isa = PBXFileReference; lastKnownFileType = archive.ar; name = "libopencore-amrnb.a"; path = "framework/libopencore-amrnb.a"; sourceTree = "<group>"; };
		461B27831B82DD7D00107001 /* Emoji.plist */ = {isa = PBXFileReference; lastKnownFileType = text.plist.xml; name = Emoji.plist; path = framework/Emoji.plist; sourceTree = "<group>"; };
		461B27841B82DD7D00107001 /* RongCloud.bundle */ = {isa = PBXFileReference; lastKnownFileType = "wrapper.plug-in"; name = RongCloud.bundle; path = framework/RongCloud.bundle; sourceTree = "<group>"; };
		461B27881B82DDA000107001 /* en */ = {isa = PBXFileReference; lastKnownFileType = text.plist.strings; name = en; path = framework/en.lproj/RongCloudKit.strings; sourceTree = SOURCE_ROOT; };
		461B278A1B82DDAE00107001 /* zh-Hans */ = {isa = PBXFileReference; lastKnownFileType = text.plist.strings; name = "zh-Hans"; path = "framework/zh-Hans.lproj/RongCloudKit.strings"; sourceTree = SOURCE_ROOT; };
		46973E081AE698C9007BE79E /* AssetsLibrary.framework */ = {isa = PBXFileReference; lastKnownFileType = wrapper.framework; name = AssetsLibrary.framework; path = System/Library/Frameworks/AssetsLibrary.framework; sourceTree = SDKROOT; };
		4698CB9C1AE22FCA0006330E /* RongCloudDemo.app */ = {isa = PBXFileReference; explicitFileType = wrapper.application; includeInIndex = 0; path = RongCloudDemo.app; sourceTree = BUILT_PRODUCTS_DIR; };
		4698CBA01AE22FCA0006330E /* Info.plist */ = {isa = PBXFileReference; lastKnownFileType = text.plist.xml; path = Info.plist; sourceTree = "<group>"; };
		4698CBA11AE22FCA0006330E /* main.m */ = {isa = PBXFileReference; lastKnownFileType = sourcecode.c.objc; path = main.m; sourceTree = "<group>"; };
		4698CBA31AE22FCA0006330E /* AppDelegate.h */ = {isa = PBXFileReference; lastKnownFileType = sourcecode.c.h; path = AppDelegate.h; sourceTree = "<group>"; };
		4698CBA41AE22FCA0006330E /* AppDelegate.m */ = {isa = PBXFileReference; lastKnownFileType = sourcecode.c.objc; path = AppDelegate.m; sourceTree = "<group>"; };
		4698CBA61AE22FCA0006330E /* ViewController.h */ = {isa = PBXFileReference; lastKnownFileType = sourcecode.c.h; path = ViewController.h; sourceTree = "<group>"; };
		4698CBA71AE22FCA0006330E /* ViewController.m */ = {isa = PBXFileReference; lastKnownFileType = sourcecode.c.objc; path = ViewController.m; sourceTree = "<group>"; };
		4698CBAA1AE22FCA0006330E /* Base */ = {isa = PBXFileReference; lastKnownFileType = file.storyboard; name = Base; path = Base.lproj/Main.storyboard; sourceTree = "<group>"; };
		4698CBAC1AE22FCA0006330E /* Images.xcassets */ = {isa = PBXFileReference; lastKnownFileType = folder.assetcatalog; path = Images.xcassets; sourceTree = "<group>"; };
		4698CBAF1AE22FCA0006330E /* Base */ = {isa = PBXFileReference; lastKnownFileType = file.xib; name = Base; path = Base.lproj/LaunchScreen.xib; sourceTree = "<group>"; };
		4698CBB51AE22FCA0006330E /* RongCloudDemoTests.xctest */ = {isa = PBXFileReference; explicitFileType = wrapper.cfbundle; includeInIndex = 0; path = RongCloudDemoTests.xctest; sourceTree = BUILT_PRODUCTS_DIR; };
		4698CBBA1AE22FCA0006330E /* Info.plist */ = {isa = PBXFileReference; lastKnownFileType = text.plist.xml; path = Info.plist; sourceTree = "<group>"; };
		4698CBBB1AE22FCA0006330E /* RongCloudDemoTests.m */ = {isa = PBXFileReference; lastKnownFileType = sourcecode.c.objc; path = RongCloudDemoTests.m; sourceTree = "<group>"; };
		4698CBD01AE233D60006330E /* ImageIO.framework */ = {isa = PBXFileReference; lastKnownFileType = wrapper.framework; name = ImageIO.framework; path = System/Library/Frameworks/ImageIO.framework; sourceTree = SDKROOT; };
		4698CBD21AE233DE0006330E /* libz.dylib */ = {isa = PBXFileReference; lastKnownFileType = "compiled.mach-o.dylib"; name = libz.dylib; path = usr/lib/libz.dylib; sourceTree = SDKROOT; };
		4698CBD41AE233EB0006330E /* libxml2.dylib */ = {isa = PBXFileReference; lastKnownFileType = "compiled.mach-o.dylib"; name = libxml2.dylib; path = usr/lib/libxml2.dylib; sourceTree = SDKROOT; };
		4698CBD61AE233F40006330E /* MapKit.framework */ = {isa = PBXFileReference; lastKnownFileType = wrapper.framework; name = MapKit.framework; path = System/Library/Frameworks/MapKit.framework; sourceTree = SDKROOT; };
		4698CBD81AE234040006330E /* CoreLocation.framework */ = {isa = PBXFileReference; lastKnownFileType = wrapper.framework; name = CoreLocation.framework; path = System/Library/Frameworks/CoreLocation.framework; sourceTree = SDKROOT; };
		4698CBDA1AE234130006330E /* SystemConfiguration.framework */ = {isa = PBXFileReference; lastKnownFileType = wrapper.framework; name = SystemConfiguration.framework; path = System/Library/Frameworks/SystemConfiguration.framework; sourceTree = SDKROOT; };
		4698CBDC1AE234300006330E /* OpenGLES.framework */ = {isa = PBXFileReference; lastKnownFileType = wrapper.framework; name = OpenGLES.framework; path = System/Library/Frameworks/OpenGLES.framework; sourceTree = SDKROOT; };
		4698CBDE1AE234420006330E /* libstdc++.dylib */ = {isa = PBXFileReference; lastKnownFileType = "compiled.mach-o.dylib"; name = "libstdc++.dylib"; path = "usr/lib/libstdc++.dylib"; sourceTree = SDKROOT; };
		4698CBE01AE2344D0006330E /* libsqlite3.dylib */ = {isa = PBXFileReference; lastKnownFileType = "compiled.mach-o.dylib"; name = libsqlite3.dylib; path = usr/lib/libsqlite3.dylib; sourceTree = SDKROOT; };
		4698CBE21AE234560006330E /* libc++.dylib */ = {isa = PBXFileReference; lastKnownFileType = "compiled.mach-o.dylib"; name = "libc++.dylib"; path = "usr/lib/libc++.dylib"; sourceTree = SDKROOT; };
		4698CBE41AE234610006330E /* CoreVideo.framework */ = {isa = PBXFileReference; lastKnownFileType = wrapper.framework; name = CoreVideo.framework; path = System/Library/Frameworks/CoreVideo.framework; sourceTree = SDKROOT; };
		4698CBE61AE2346C0006330E /* CoreTelephony.framework */ = {isa = PBXFileReference; lastKnownFileType = wrapper.framework; name = CoreTelephony.framework; path = System/Library/Frameworks/CoreTelephony.framework; sourceTree = SDKROOT; };
		4698CBE81AE234810006330E /* CoreMedia.framework */ = {isa = PBXFileReference; lastKnownFileType = wrapper.framework; name = CoreMedia.framework; path = System/Library/Frameworks/CoreMedia.framework; sourceTree = SDKROOT; };
		4698CBEA1AE2348B0006330E /* CoreAudio.framework */ = {isa = PBXFileReference; lastKnownFileType = wrapper.framework; name = CoreAudio.framework; path = System/Library/Frameworks/CoreAudio.framework; sourceTree = SDKROOT; };
		4698CBEC1AE234A10006330E /* CFNetwork.framework */ = {isa = PBXFileReference; lastKnownFileType = wrapper.framework; name = CFNetwork.framework; path = System/Library/Frameworks/CFNetwork.framework; sourceTree = SDKROOT; };
		4698CBEE1AE234AA0006330E /* AudioToolbox.framework */ = {isa = PBXFileReference; lastKnownFileType = wrapper.framework; name = AudioToolbox.framework; path = System/Library/Frameworks/AudioToolbox.framework; sourceTree = SDKROOT; };
		4698CBF01AE234B10006330E /* AVFoundation.framework */ = {isa = PBXFileReference; lastKnownFileType = wrapper.framework; name = AVFoundation.framework; path = System/Library/Frameworks/AVFoundation.framework; sourceTree = SDKROOT; };
		4698CBF21AE234BE0006330E /* UIKit.framework */ = {isa = PBXFileReference; lastKnownFileType = wrapper.framework; name = UIKit.framework; path = System/Library/Frameworks/UIKit.framework; sourceTree = SDKROOT; };
		4698CBF41AE234D00006330E /* CoreGraphics.framework */ = {isa = PBXFileReference; lastKnownFileType = wrapper.framework; name = CoreGraphics.framework; path = System/Library/Frameworks/CoreGraphics.framework; sourceTree = SDKROOT; };
		4698CBFA1AE236EA0006330E /* RongIMKit.framework */ = {isa = PBXFileReference; lastKnownFileType = wrapper.framework; name = RongIMKit.framework; path = framework/RongIMKit.framework; sourceTree = "<group>"; };
		4698CBFC1AE237AB0006330E /* RongIMLib.framework */ = {isa = PBXFileReference; lastKnownFileType = wrapper.framework; name = RongIMLib.framework; path = framework/RongIMLib.framework; sourceTree = "<group>"; };
		4698CC021AE245940006330E /* ChatListViewController.h */ = {isa = PBXFileReference; fileEncoding = 4; lastKnownFileType = sourcecode.c.h; path = ChatListViewController.h; sourceTree = "<group>"; };
		4698CC031AE245940006330E /* ChatListViewController.m */ = {isa = PBXFileReference; fileEncoding = 4; lastKnownFileType = sourcecode.c.objc; path = ChatListViewController.m; sourceTree = "<group>"; };
/* End PBXFileReference section */

/* Begin PBXFrameworksBuildPhase section */
		4698CB991AE22FCA0006330E /* Frameworks */ = {
			isa = PBXFrameworksBuildPhase;
			buildActionMask = 2147483647;
			files = (
				46973E091AE698CA007BE79E /* AssetsLibrary.framework in Frameworks */,
				4698CBF51AE234D00006330E /* CoreGraphics.framework in Frameworks */,
				4698CBF31AE234BE0006330E /* UIKit.framework in Frameworks */,
				4698CBF11AE234B10006330E /* AVFoundation.framework in Frameworks */,
				4698CBEF1AE234AA0006330E /* AudioToolbox.framework in Frameworks */,
				4698CBED1AE234A10006330E /* CFNetwork.framework in Frameworks */,
				4698CBEB1AE2348B0006330E /* CoreAudio.framework in Frameworks */,
				4698CBE91AE234810006330E /* CoreMedia.framework in Frameworks */,
				4698CBE71AE2346C0006330E /* CoreTelephony.framework in Frameworks */,
				4698CBE51AE234610006330E /* CoreVideo.framework in Frameworks */,
				4698CBE31AE234560006330E /* libc++.dylib in Frameworks */,
				4698CBFD1AE237AB0006330E /* RongIMLib.framework in Frameworks */,
				461708781BF03D9C0081819C /* libopencore-amrnb.a in Frameworks */,
				4698CBE11AE2344D0006330E /* libsqlite3.dylib in Frameworks */,
				4698CBDF1AE234420006330E /* libstdc++.dylib in Frameworks */,
				4698CBDD1AE234300006330E /* OpenGLES.framework in Frameworks */,
				4698CBDB1AE234130006330E /* SystemConfiguration.framework in Frameworks */,
				4698CBD91AE234040006330E /* CoreLocation.framework in Frameworks */,
				4698CBD71AE233F40006330E /* MapKit.framework in Frameworks */,
				4698CBD51AE233EB0006330E /* libxml2.dylib in Frameworks */,
				4698CBD31AE233DE0006330E /* libz.dylib in Frameworks */,
				4698CBD11AE233D60006330E /* ImageIO.framework in Frameworks */,
				4698CBFB1AE236EA0006330E /* RongIMKit.framework in Frameworks */,
			);
			runOnlyForDeploymentPostprocessing = 0;
		};
		4698CBB21AE22FCA0006330E /* Frameworks */ = {
			isa = PBXFrameworksBuildPhase;
			buildActionMask = 2147483647;
			files = (
			);
			runOnlyForDeploymentPostprocessing = 0;
		};
/* End PBXFrameworksBuildPhase section */

/* Begin PBXGroup section */
		4698CB931AE22FCA0006330E = {
			isa = PBXGroup;
			children = (
				461B27831B82DD7D00107001 /* Emoji.plist */,
				461B27841B82DD7D00107001 /* RongCloud.bundle */,
				4698CBCD1AE232FF0006330E /* Frameworks */,
				4698CBC91AE230600006330E /* Resouce */,
				4698CB9E1AE22FCA0006330E /* RongCloudDemo */,
				4698CBB81AE22FCA0006330E /* RongCloudDemoTests */,
				4698CB9D1AE22FCA0006330E /* Products */,
			);
			sourceTree = "<group>";
		};
		4698CB9D1AE22FCA0006330E /* Products */ = {
			isa = PBXGroup;
			children = (
				4698CB9C1AE22FCA0006330E /* RongCloudDemo.app */,
				4698CBB51AE22FCA0006330E /* RongCloudDemoTests.xctest */,
			);
			name = Products;
			sourceTree = "<group>";
		};
		4698CB9E1AE22FCA0006330E /* RongCloudDemo */ = {
			isa = PBXGroup;
			children = (
				4698CBA31AE22FCA0006330E /* AppDelegate.h */,
				4698CBA41AE22FCA0006330E /* AppDelegate.m */,
				4698CBA61AE22FCA0006330E /* ViewController.h */,
				4698CBA71AE22FCA0006330E /* ViewController.m */,
				4698CBA91AE22FCA0006330E /* Main.storyboard */,
				4698CBAC1AE22FCA0006330E /* Images.xcassets */,
				4698CBAE1AE22FCA0006330E /* LaunchScreen.xib */,
				4698CB9F1AE22FCA0006330E /* Supporting Files */,
				4698CC021AE245940006330E /* ChatListViewController.h */,
				4698CC031AE245940006330E /* ChatListViewController.m */,
			);
			path = RongCloudDemo;
			sourceTree = "<group>";
		};
		4698CB9F1AE22FCA0006330E /* Supporting Files */ = {
			isa = PBXGroup;
			children = (
				461B27871B82DDA000107001 /* RongCloudKit.strings */,
				4698CBA01AE22FCA0006330E /* Info.plist */,
				4698CBA11AE22FCA0006330E /* main.m */,
			);
			name = "Supporting Files";
			sourceTree = "<group>";
		};
		4698CBB81AE22FCA0006330E /* RongCloudDemoTests */ = {
			isa = PBXGroup;
			children = (
				4698CBBB1AE22FCA0006330E /* RongCloudDemoTests.m */,
				4698CBB91AE22FCA0006330E /* Supporting Files */,
			);
			path = RongCloudDemoTests;
			sourceTree = "<group>";
		};
		4698CBB91AE22FCA0006330E /* Supporting Files */ = {
			isa = PBXGroup;
			children = (
				4698CBBA1AE22FCA0006330E /* Info.plist */,
			);
			name = "Supporting Files";
			sourceTree = "<group>";
		};
		4698CBC91AE230600006330E /* Resouce */ = {
			isa = PBXGroup;
			children = (
			);
			name = Resouce;
			sourceTree = "<group>";
		};
		4698CBCD1AE232FF0006330E /* Frameworks */ = {
			isa = PBXGroup;
			children = (
				461708771BF03D9C0081819C /* libopencore-amrnb.a */,
				46973E081AE698C9007BE79E /* AssetsLibrary.framework */,
				4698CBFC1AE237AB0006330E /* RongIMLib.framework */,
				4698CBFA1AE236EA0006330E /* RongIMKit.framework */,
				4698CBF41AE234D00006330E /* CoreGraphics.framework */,
				4698CBF21AE234BE0006330E /* UIKit.framework */,
				4698CBF01AE234B10006330E /* AVFoundation.framework */,
				4698CBEE1AE234AA0006330E /* AudioToolbox.framework */,
				4698CBEC1AE234A10006330E /* CFNetwork.framework */,
				4698CBEA1AE2348B0006330E /* CoreAudio.framework */,
				4698CBE81AE234810006330E /* CoreMedia.framework */,
				4698CBE61AE2346C0006330E /* CoreTelephony.framework */,
				4698CBE41AE234610006330E /* CoreVideo.framework */,
				4698CBE21AE234560006330E /* libc++.dylib */,
				4698CBE01AE2344D0006330E /* libsqlite3.dylib */,
				4698CBDE1AE234420006330E /* libstdc++.dylib */,
				4698CBDC1AE234300006330E /* OpenGLES.framework */,
				4698CBDA1AE234130006330E /* SystemConfiguration.framework */,
				4698CBD81AE234040006330E /* CoreLocation.framework */,
				4698CBD61AE233F40006330E /* MapKit.framework */,
				4698CBD41AE233EB0006330E /* libxml2.dylib */,
				4698CBD21AE233DE0006330E /* libz.dylib */,
				4698CBD01AE233D60006330E /* ImageIO.framework */,
			);
			name = Frameworks;
			sourceTree = "<group>";
		};
/* End PBXGroup section */

/* Begin PBXNativeTarget section */
		4698CB9B1AE22FCA0006330E /* RongCloudDemo */ = {
			isa = PBXNativeTarget;
			buildConfigurationList = 4698CBBF1AE22FCA0006330E /* Build configuration list for PBXNativeTarget "RongCloudDemo" */;
			buildPhases = (
				4698CB981AE22FCA0006330E /* Sources */,
				4698CB991AE22FCA0006330E /* Frameworks */,
				4698CB9A1AE22FCA0006330E /* Resources */,
			);
			buildRules = (
			);
			dependencies = (
			);
			name = RongCloudDemo;
			productName = RongCloudDemo;
			productReference = 4698CB9C1AE22FCA0006330E /* RongCloudDemo.app */;
			productType = "com.apple.product-type.application";
		};
		4698CBB41AE22FCA0006330E /* RongCloudDemoTests */ = {
			isa = PBXNativeTarget;
			buildConfigurationList = 4698CBC21AE22FCA0006330E /* Build configuration list for PBXNativeTarget "RongCloudDemoTests" */;
			buildPhases = (
				4698CBB11AE22FCA0006330E /* Sources */,
				4698CBB21AE22FCA0006330E /* Frameworks */,
				4698CBB31AE22FCA0006330E /* Resources */,
			);
			buildRules = (
			);
			dependencies = (
				4698CBB71AE22FCA0006330E /* PBXTargetDependency */,
			);
			name = RongCloudDemoTests;
			productName = RongCloudDemoTests;
			productReference = 4698CBB51AE22FCA0006330E /* RongCloudDemoTests.xctest */;
			productType = "com.apple.product-type.bundle.unit-test";
		};
/* End PBXNativeTarget section */

/* Begin PBXProject section */
		4698CB941AE22FCA0006330E /* Project object */ = {
			isa = PBXProject;
			attributes = {
				LastUpgradeCheck = 0620;
				ORGANIZATIONNAME = dlz;
				TargetAttributes = {
					4698CB9B1AE22FCA0006330E = {
						CreatedOnToolsVersion = 6.2;
						DevelopmentTeam = 97NLNZYDFW;
					};
					4698CBB41AE22FCA0006330E = {
						CreatedOnToolsVersion = 6.2;
						TestTargetID = 4698CB9B1AE22FCA0006330E;
					};
				};
			};
			buildConfigurationList = 4698CB971AE22FCA0006330E /* Build configuration list for PBXProject "RongCloudDemo" */;
			compatibilityVersion = "Xcode 3.2";
			developmentRegion = English;
			hasScannedForEncodings = 0;
			knownRegions = (
				en,
				Base,
				"zh-Hans",
			);
			mainGroup = 4698CB931AE22FCA0006330E;
			productRefGroup = 4698CB9D1AE22FCA0006330E /* Products */;
			projectDirPath = "";
			projectRoot = "";
			targets = (
				4698CB9B1AE22FCA0006330E /* RongCloudDemo */,
				4698CBB41AE22FCA0006330E /* RongCloudDemoTests */,
			);
		};
/* End PBXProject section */

/* Begin PBXResourcesBuildPhase section */
		4698CB9A1AE22FCA0006330E /* Resources */ = {
			isa = PBXResourcesBuildPhase;
			buildActionMask = 2147483647;
			files = (
				461B27851B82DD7D00107001 /* Emoji.plist in Resources */,
				461B27861B82DD7D00107001 /* RongCloud.bundle in Resources */,
				4698CBAB1AE22FCA0006330E /* Main.storyboard in Resources */,
				461B27891B82DDA000107001 /* RongCloudKit.strings in Resources */,
				4698CBB01AE22FCA0006330E /* LaunchScreen.xib in Resources */,
				4698CBAD1AE22FCA0006330E /* Images.xcassets in Resources */,
			);
			runOnlyForDeploymentPostprocessing = 0;
		};
		4698CBB31AE22FCA0006330E /* Resources */ = {
			isa = PBXResourcesBuildPhase;
			buildActionMask = 2147483647;
			files = (
			);
			runOnlyForDeploymentPostprocessing = 0;
		};
/* End PBXResourcesBuildPhase section */

/* Begin PBXSourcesBuildPhase section */
		4698CB981AE22FCA0006330E /* Sources */ = {
			isa = PBXSourcesBuildPhase;
			buildActionMask = 2147483647;
			files = (
				4698CBA81AE22FCA0006330E /* ViewController.m in Sources */,
				4698CBA51AE22FCA0006330E /* AppDelegate.m in Sources */,
				4698CC041AE245940006330E /* ChatListViewController.m in Sources */,
				4698CBA21AE22FCA0006330E /* main.m in Sources */,
			);
			runOnlyForDeploymentPostprocessing = 0;
		};
		4698CBB11AE22FCA0006330E /* Sources */ = {
			isa = PBXSourcesBuildPhase;
			buildActionMask = 2147483647;
			files = (
				4698CBBC1AE22FCA0006330E /* RongCloudDemoTests.m in Sources */,
			);
			runOnlyForDeploymentPostprocessing = 0;
		};
/* End PBXSourcesBuildPhase section */

/* Begin PBXTargetDependency section */
		4698CBB71AE22FCA0006330E /* PBXTargetDependency */ = {
			isa = PBXTargetDependency;
			target = 4698CB9B1AE22FCA0006330E /* RongCloudDemo */;
			targetProxy = 4698CBB61AE22FCA0006330E /* PBXContainerItemProxy */;
		};
/* End PBXTargetDependency section */

/* Begin PBXVariantGroup section */
		461B27871B82DDA000107001 /* RongCloudKit.strings */ = {
			isa = PBXVariantGroup;
			children = (
				461B27881B82DDA000107001 /* en */,
				461B278A1B82DDAE00107001 /* zh-Hans */,
			);
			name = RongCloudKit.strings;
			sourceTree = "<group>";
		};
		4698CBA91AE22FCA0006330E /* Main.storyboard */ = {
			isa = PBXVariantGroup;
			children = (
				4698CBAA1AE22FCA0006330E /* Base */,
			);
			name = Main.storyboard;
			sourceTree = "<group>";
		};
		4698CBAE1AE22FCA0006330E /* LaunchScreen.xib */ = {
			isa = PBXVariantGroup;
			children = (
				4698CBAF1AE22FCA0006330E /* Base */,
			);
			name = LaunchScreen.xib;
			sourceTree = "<group>";
		};
/* End PBXVariantGroup section */

/* Begin XCBuildConfiguration section */
		4698CBBD1AE22FCA0006330E /* Debug */ = {
			isa = XCBuildConfiguration;
			buildSettings = {
				ALWAYS_SEARCH_USER_PATHS = NO;
				CLANG_CXX_LANGUAGE_STANDARD = "gnu++0x";
				CLANG_CXX_LIBRARY = "libc++";
				CLANG_ENABLE_MODULES = YES;
				CLANG_ENABLE_OBJC_ARC = YES;
				CLANG_WARN_BOOL_CONVERSION = YES;
				CLANG_WARN_CONSTANT_CONVERSION = YES;
				CLANG_WARN_DIRECT_OBJC_ISA_USAGE = YES_ERROR;
				CLANG_WARN_EMPTY_BODY = YES;
				CLANG_WARN_ENUM_CONVERSION = YES;
				CLANG_WARN_INT_CONVERSION = YES;
				CLANG_WARN_OBJC_ROOT_CLASS = YES_ERROR;
				CLANG_WARN_UNREACHABLE_CODE = YES;
				CLANG_WARN__DUPLICATE_METHOD_MATCH = YES;
				"CODE_SIGN_IDENTITY[sdk=iphoneos*]" = "iPhone Developer";
				COPY_PHASE_STRIP = NO;
				ENABLE_STRICT_OBJC_MSGSEND = YES;
				GCC_C_LANGUAGE_STANDARD = gnu99;
				GCC_DYNAMIC_NO_PIC = NO;
				GCC_OPTIMIZATION_LEVEL = 0;
				GCC_PREPROCESSOR_DEFINITIONS = (
					"DEBUG=1",
					"$(inherited)",
				);
				GCC_SYMBOLS_PRIVATE_EXTERN = NO;
				GCC_WARN_64_TO_32_BIT_CONVERSION = YES;
				GCC_WARN_ABOUT_RETURN_TYPE = YES_ERROR;
				GCC_WARN_UNDECLARED_SELECTOR = YES;
				GCC_WARN_UNINITIALIZED_AUTOS = YES_AGGRESSIVE;
				GCC_WARN_UNUSED_FUNCTION = YES;
				GCC_WARN_UNUSED_VARIABLE = YES;
				IPHONEOS_DEPLOYMENT_TARGET = 8.2;
				MTL_ENABLE_DEBUG_INFO = YES;
				ONLY_ACTIVE_ARCH = YES;
				SDKROOT = iphoneos;
			};
			name = Debug;
		};
		4698CBBE1AE22FCA0006330E /* Release */ = {
			isa = XCBuildConfiguration;
			buildSettings = {
				ALWAYS_SEARCH_USER_PATHS = NO;
				CLANG_CXX_LANGUAGE_STANDARD = "gnu++0x";
				CLANG_CXX_LIBRARY = "libc++";
				CLANG_ENABLE_MODULES = YES;
				CLANG_ENABLE_OBJC_ARC = YES;
				CLANG_WARN_BOOL_CONVERSION = YES;
				CLANG_WARN_CONSTANT_CONVERSION = YES;
				CLANG_WARN_DIRECT_OBJC_ISA_USAGE = YES_ERROR;
				CLANG_WARN_EMPTY_BODY = YES;
				CLANG_WARN_ENUM_CONVERSION = YES;
				CLANG_WARN_INT_CONVERSION = YES;
				CLANG_WARN_OBJC_ROOT_CLASS = YES_ERROR;
				CLANG_WARN_UNREACHABLE_CODE = YES;
				CLANG_WARN__DUPLICATE_METHOD_MATCH = YES;
				"CODE_SIGN_IDENTITY[sdk=iphoneos*]" = "iPhone Developer";
				COPY_PHASE_STRIP = NO;
				ENABLE_NS_ASSERTIONS = NO;
				ENABLE_STRICT_OBJC_MSGSEND = YES;
				GCC_C_LANGUAGE_STANDARD = gnu99;
				GCC_WARN_64_TO_32_BIT_CONVERSION = YES;
				GCC_WARN_ABOUT_RETURN_TYPE = YES_ERROR;
				GCC_WARN_UNDECLARED_SELECTOR = YES;
				GCC_WARN_UNINITIALIZED_AUTOS = YES_AGGRESSIVE;
				GCC_WARN_UNUSED_FUNCTION = YES;
				GCC_WARN_UNUSED_VARIABLE = YES;
				IPHONEOS_DEPLOYMENT_TARGET = 8.2;
				MTL_ENABLE_DEBUG_INFO = NO;
				SDKROOT = iphoneos;
				VALIDATE_PRODUCT = YES;
			};
			name = Release;
		};
		4698CBC01AE22FCA0006330E /* Debug */ = {
			isa = XCBuildConfiguration;
			buildSettings = {
				ASSETCATALOG_COMPILER_APPICON_NAME = AppIcon;
				DEVELOPMENT_TEAM = 97NLNZYDFW;
				ENABLE_BITCODE = NO;
				FRAMEWORK_SEARCH_PATHS = (
					"$(inherited)",
					"$(PROJECT_DIR)/RongCloudDemo",
					"$(PROJECT_DIR)",
					"$(PROJECT_DIR)/framework",
				);
				INFOPLIST_FILE = RongCloudDemo/Info.plist;
				IPHONEOS_DEPLOYMENT_TARGET = 7.0;
				LD_RUNPATH_SEARCH_PATHS = "$(inherited) @executable_path/Frameworks";
				LIBRARY_SEARCH_PATHS = (
					"$(inherited)",
					"$(PROJECT_DIR)/framework",
				);
				OTHER_LDFLAGS = "";
				PRODUCT_NAME = "$(TARGET_NAME)";
			};
			name = Debug;
		};
		4698CBC11AE22FCA0006330E /* Release */ = {
			isa = XCBuildConfiguration;
			buildSettings = {
				ASSETCATALOG_COMPILER_APPICON_NAME = AppIcon;
				DEVELOPMENT_TEAM = 97NLNZYDFW;
				ENABLE_BITCODE = NO;
				FRAMEWORK_SEARCH_PATHS = (
					"$(inherited)",
					"$(PROJECT_DIR)/RongCloudDemo",
					"$(PROJECT_DIR)",
					"$(PROJECT_DIR)/framework",
				);
				INFOPLIST_FILE = RongCloudDemo/Info.plist;
				IPHONEOS_DEPLOYMENT_TARGET = 7.0;
				LD_RUNPATH_SEARCH_PATHS = "$(inherited) @executable_path/Frameworks";
				LIBRARY_SEARCH_PATHS = (
					"$(inherited)",
					"$(PROJECT_DIR)/framework",
				);
				OTHER_LDFLAGS = "";
				PRODUCT_NAME = "$(TARGET_NAME)";
			};
			name = Release;
		};
		4698CBC31AE22FCA0006330E /* Debug */ = {
			isa = XCBuildConfiguration;
			buildSettings = {
				BUNDLE_LOADER = "$(TEST_HOST)";
				FRAMEWORK_SEARCH_PATHS = (
					"$(SDKROOT)/Developer/Library/Frameworks",
					"$(inherited)",
				);
				GCC_PREPROCESSOR_DEFINITIONS = (
					"DEBUG=1",
					"$(inherited)",
				);
				INFOPLIST_FILE = RongCloudDemoTests/Info.plist;
				LD_RUNPATH_SEARCH_PATHS = "$(inherited) @executable_path/Frameworks @loader_path/Frameworks";
				PRODUCT_NAME = "$(TARGET_NAME)";
				TEST_HOST = "$(BUILT_PRODUCTS_DIR)/RongCloudDemo.app/RongCloudDemo";
			};
			name = Debug;
		};
		4698CBC41AE22FCA0006330E /* Release */ = {
			isa = XCBuildConfiguration;
			buildSettings = {
				BUNDLE_LOADER = "$(TEST_HOST)";
				FRAMEWORK_SEARCH_PATHS = (
					"$(SDKROOT)/Developer/Library/Frameworks",
					"$(inherited)",
				);
				INFOPLIST_FILE = RongCloudDemoTests/Info.plist;
				LD_RUNPATH_SEARCH_PATHS = "$(inherited) @executable_path/Frameworks @loader_path/Frameworks";
				PRODUCT_NAME = "$(TARGET_NAME)";
				TEST_HOST = "$(BUILT_PRODUCTS_DIR)/RongCloudDemo.app/RongCloudDemo";
			};
			name = Release;
		};
/* End XCBuildConfiguration section */

/* Begin XCConfigurationList section */
		4698CB971AE22FCA0006330E /* Build configuration list for PBXProject "RongCloudDemo" */ = {
			isa = XCConfigurationList;
			buildConfigurations = (
				4698CBBD1AE22FCA0006330E /* Debug */,
				4698CBBE1AE22FCA0006330E /* Release */,
			);
			defaultConfigurationIsVisible = 0;
			defaultConfigurationName = Release;
		};
		4698CBBF1AE22FCA0006330E /* Build configuration list for PBXNativeTarget "RongCloudDemo" */ = {
			isa = XCConfigurationList;
			buildConfigurations = (
				4698CBC01AE22FCA0006330E /* Debug */,
				4698CBC11AE22FCA0006330E /* Release */,
			);
			defaultConfigurationIsVisible = 0;
			defaultConfigurationName = Release;
		};
		4698CBC21AE22FCA0006330E /* Build configuration list for PBXNativeTarget "RongCloudDemoTests" */ = {
			isa = XCConfigurationList;
			buildConfigurations = (
				4698CBC31AE22FCA0006330E /* Debug */,
				4698CBC41AE22FCA0006330E /* Release */,
			);
			defaultConfigurationIsVisible = 0;
			defaultConfigurationName = Release;
		};
/* End XCConfigurationList section */
	};
	rootObject = 4698CB941AE22FCA0006330E /* Project object */;
}
